# This file is automatically @generated by Poetry 1.8.3 and should not be changed by hand.

[[package]]
name = "flake8"
version = "7.1.1"
description = "the modular source code checker: pep8 pyflakes and co"
optional = false
python-versions = ">=3.8.1"
files = [
    {file = "flake8-7.1.1-py2.py3-none-any.whl", hash = "sha256:597477df7860daa5aa0fdd84bf5208a043ab96b8e96ab708770ae0364dd03213"},
    {file = "flake8-7.1.1.tar.gz", hash = "sha256:049d058491e228e03e67b390f311bbf88fce2dbaa8fa673e7aea87b7198b8d38"},
]

[package.dependencies]
mccabe = ">=0.7.0,<0.8.0"
pycodestyle = ">=2.12.0,<2.13.0"
pyflakes = ">=3.2.0,<3.3.0"

[[package]]
name = "mccabe"
version = "0.7.0"
description = "McCabe checker, plugin for flake8"
optional = false
python-versions = ">=3.6"
files = [
    {file = "mccabe-0.7.0-py2.py3-none-any.whl", hash = "sha256:6c2d30ab6be0e4a46919781807b4f0d834ebdd6c6e3dca0bda5a15f863427b6e"},
    {file = "mccabe-0.7.0.tar.gz", hash = "sha256:348e0240c33b60bbdf4e523192ef919f28cb2c3d7d5c7794f74009290f236325"},
]

[[package]]
name = "pycodestyle"
version = "2.12.1"
description = "Python style guide checker"
optional = false
python-versions = ">=3.8"
files = [
    {file = "pycodestyle-2.12.1-py2.py3-none-any.whl", hash = "sha256:46f0fb92069a7c28ab7bb558f05bfc0110dac69a0cd23c61ea0040283a9d78b3"},
    {file = "pycodestyle-2.12.1.tar.gz", hash = "sha256:6838eae08bbce4f6accd5d5572075c63626a15ee3e6f842df996bf62f6d73521"},
]

[[package]]
name = "pyflakes"
version = "3.2.0"
description = "passive checker of Python programs"
optional = false
python-versions = ">=3.8"
files = [
    {file = "pyflakes-3.2.0-py2.py3-none-any.whl", hash = "sha256:84b5be138a2dfbb40689ca07e2152deb896a65c3a3e24c251c5c62489568074a"},
    {file = "pyflakes-3.2.0.tar.gz", hash = "sha256:1c61603ff154621fb2a9172037d84dca3500def8c8b630657d1701f026f8af3f"},
]

[[package]]
name = "pymupdf"
version = "1.24.10"
description = "A high performance Python library for data extraction, analysis, conversion & manipulation of PDF (and other) documents."
optional = false
python-versions = ">=3.8"
files = [
    {file = "PyMuPDF-1.24.10-cp310-none-macosx_10_9_x86_64.whl", hash = "sha256:a320d44a96f0cc69364c4d7384205fdae57a511edb07e68627108546cfd3ca7d"},
    {file = "PyMuPDF-1.24.10-cp310-none-macosx_11_0_arm64.whl", hash = "sha256:cd078bf6c5a016bb34dea0ed75030edaae1b00ca273f1fe41100c8c35a101abe"},
    {file = "PyMuPDF-1.24.10-cp310-none-manylinux2014_aarch64.whl", hash = "sha256:0edcd093db05991e9d32dd2687db408b40895214f9cecd50672cd6b79fee188f"},
    {file = "PyMuPDF-1.24.10-cp310-none-manylinux2014_x86_64.whl", hash = "sha256:9b3188a6d47bb512f749e9612f81f7ddf01c70308de6bb81b77b3a76ac43f402"},
    {file = "PyMuPDF-1.24.10-cp310-none-musllinux_1_2_x86_64.whl", hash = "sha256:e52cc55055f08d9411cd991693fb1e6c7f665e92f7b79cdfa0c3d526b2e7f9bb"},
    {file = "PyMuPDF-1.24.10-cp310-none-win32.whl", hash = "sha256:117b8a2220ec31142f6a5e4ac0235b56f239d88e57e5cef3aa047bc70e4cd1e9"},
    {file = "PyMuPDF-1.24.10-cp310-none-win_amd64.whl", hash = "sha256:98b846dd044bf7242dcea6900b16eb430adbc3f1cef58d80c83a15ca7a35ef8b"},
    {file = "PyMuPDF-1.24.10-cp311-none-macosx_10_9_x86_64.whl", hash = "sha256:5fbd67cce759fc0126902137409cf9da6313b776c4d5ff0d5200f336350f86a3"},
    {file = "PyMuPDF-1.24.10-cp311-none-macosx_11_0_arm64.whl", hash = "sha256:2b14dbdf7c415bb0fa849527abbe7b4f1f55ae23b9355d132951f634438c59ac"},
    {file = "PyMuPDF-1.24.10-cp311-none-manylinux2014_aarch64.whl", hash = "sha256:1a87440a6cbc0d5ad513425baa0f4747841898fca6e37350ca3e6b29e5f40c01"},
    {file = "PyMuPDF-1.24.10-cp311-none-manylinux2014_x86_64.whl", hash = "sha256:c0d1ccdc062ea9961063790831e838bc43fcf9a8436a8b9f55898addf97c0f86"},
    {file = "PyMuPDF-1.24.10-cp311-none-musllinux_1_2_x86_64.whl", hash = "sha256:f68671363be5a2ba104ab7d3bad821d2994cbe3f3408538bbc27d32e6dc9f923"},
    {file = "PyMuPDF-1.24.10-cp311-none-win32.whl", hash = "sha256:49f83556cd1a7d05b36a54ccc01fce324da8a4e6854e36cc5cd94d321e428565"},
    {file = "PyMuPDF-1.24.10-cp311-none-win_amd64.whl", hash = "sha256:05b8d360766b87f4abd186eba16a56b92bae513b2361b13f633fe6256329292e"},
    {file = "PyMuPDF-1.24.10-cp312-none-macosx_10_9_x86_64.whl", hash = "sha256:f323aa7bb55e0214e632bfe24fa140bd5dcfeac2d3977bdce46e760385140513"},
    {file = "PyMuPDF-1.24.10-cp312-none-macosx_11_0_arm64.whl", hash = "sha256:50d2972558d25ce46a8634b58787b28dbeff9b3fe4299530fc9c8c9921061e83"},
    {file = "PyMuPDF-1.24.10-cp312-none-manylinux2014_aarch64.whl", hash = "sha256:0e3969c2fdff682b3b2c6a2b463adde068d6d8e20e2133ef6c8503469259646a"},
    {file = "PyMuPDF-1.24.10-cp312-none-manylinux2014_x86_64.whl", hash = "sha256:cd78ee1ebefdfe72bc36fd4b731cc8c694eb8ef5337d8ea956b0e94cd88751fc"},
    {file = "PyMuPDF-1.24.10-cp312-none-musllinux_1_2_x86_64.whl", hash = "sha256:696eed91d2ee44e76277dfeb6bd904c84ae005378588949df6ed9be9e03b9817"},
    {file = "PyMuPDF-1.24.10-cp312-none-win32.whl", hash = "sha256:1e5413e1aeab2f18e1ca1b3ff17057a4a7c5cbf4ff14abc93203da88fc1a1dd8"},
    {file = "PyMuPDF-1.24.10-cp312-none-win_amd64.whl", hash = "sha256:227a4473fce8fa32b9268da68781048795503b67dc045867fc201e1334204bf1"},
    {file = "PyMuPDF-1.24.10-cp38-none-macosx_10_9_x86_64.whl", hash = "sha256:738baea1e9f9f1df1da6ae9f5699fc96dcad58043c34ddecb69d3840c396dfb5"},
    {file = "PyMuPDF-1.24.10-cp38-none-macosx_11_0_arm64.whl", hash = "sha256:bbd618078c2caab742d34291bd4a4c660981bef3988dfaaadf5d534081abd8ec"},
    {file = "PyMuPDF-1.24.10-cp38-none-manylinux2014_aarch64.whl", hash = "sha256:ccda6f26985347e9f52444c64b35e243f03d8c51106e8c0709f0b0c0b80b669a"},
    {file = "PyMuPDF-1.24.10-cp38-none-manylinux2014_x86_64.whl", hash = "sha256:d31c09e2af29f778249fe93beb4e44657ed2c0f385ccd5906e84b2b6a747ba9a"},
    {file = "PyMuPDF-1.24.10-cp38-none-musllinux_1_2_x86_64.whl", hash = "sha256:dda94921c9daf0416fe77b1366200c970a1b8519f826c30be7148df6a147eb1a"},
    {file = "PyMuPDF-1.24.10-cp38-none-win32.whl", hash = "sha256:8ccb72a67386affe170a36e1a145f0a05daf1df9856130cedf4371015b66acc3"},
    {file = "PyMuPDF-1.24.10-cp38-none-win_amd64.whl", hash = "sha256:634b22c0465dc9e415acea35f98c189391c6685ed943d489c069af7a72d1f8da"},
    {file = "PyMuPDF-1.24.10-cp39-none-macosx_10_9_x86_64.whl", hash = "sha256:903b61b70952368d262603abc4b0cbe06a557872003f92bb8db4b6e608ff0817"},
    {file = "PyMuPDF-1.24.10-cp39-none-macosx_11_0_arm64.whl", hash = "sha256:c3405e120249e2849daac4d52e25433bb0b5da4695ce8edea6cfb9cc819985c4"},
    {file = "PyMuPDF-1.24.10-cp39-none-manylinux2014_aarch64.whl", hash = "sha256:5608a60c601ab34988f96ce122d7c19d0773e57e7bbb30c7b3ced1f5b0da74cf"},
    {file = "PyMuPDF-1.24.10-cp39-none-manylinux2014_x86_64.whl", hash = "sha256:2e95f5c379dc086eaa5a2af73f2e62a0bae95e05b19963603cdf800ca51e65a6"},
    {file = "PyMuPDF-1.24.10-cp39-none-musllinux_1_2_x86_64.whl", hash = "sha256:e6a6458a3a6e7ec371176be17535825ca860d8eab5f8999958b2ac639777df5f"},
    {file = "PyMuPDF-1.24.10-cp39-none-win32.whl", hash = "sha256:c8db06b0d5fbcf9b0e8949415771bd4771c820f43b052b42bce2db44c100e384"},
    {file = "PyMuPDF-1.24.10-cp39-none-win_amd64.whl", hash = "sha256:be120588a1d41220a60d899c43600e537d1bdb73612e0230378d14df40498658"},
    {file = "PyMuPDF-1.24.10.tar.gz", hash = "sha256:bd3ebd6d3fb8a845582098362f885bfb0a31ae4272587efc2c55c5e29fe7327a"},
]

[package.dependencies]
PyMuPDFb = "1.24.10"

[[package]]
name = "pymupdf4llm"
version = "0.0.13"
description = "PyMuPDF Utilities for LLM/RAG"
optional = false
python-versions = "*"
files = [
    {file = "pymupdf4llm-0.0.13-py3-none-any.whl", hash = "sha256:9b590990597068770064cbd2013dc67e09b9f329a9af11ec3a8b28ba983769a8"},
    {file = "pymupdf4llm-0.0.13.tar.gz", hash = "sha256:be01291403477a512ef7ca8d7b22b3ea5fd8e25a3cfff2de95193d6e155a6463"},
]

[package.dependencies]
pymupdf = ">=1.24.3"

[[package]]
name = "pymupdfb"
version = "1.24.10"
description = "MuPDF shared libraries for PyMuPDF."
optional = false
python-versions = ">=3.8"
files = [
    {file = "PyMuPDFb-1.24.10-py3-none-macosx_10_9_x86_64.whl", hash = "sha256:cd6b24630d90dce9ab3e59d06c5e616686f8d7ec626be1311721fcb062aa0078"},
    {file = "PyMuPDFb-1.24.10-py3-none-macosx_11_0_arm64.whl", hash = "sha256:fda2c34b206f724b1b5685b67188e2a57bcaa5c99bc40a0a5bc62057514c5cdf"},
    {file = "PyMuPDFb-1.24.10-py3-none-manylinux2014_aarch64.manylinux_2_17_aarch64.whl", hash = "sha256:4f50a7472f9bb10cbc7a1cd589ee4626ca030b8a4a02749f9a29eb6f00c0e0db"},
    {file = "PyMuPDFb-1.24.10-py3-none-manylinux2014_x86_64.manylinux_2_17_x86_64.whl", hash = "sha256:409f1270ef2e70d845e80149ff3db9cfed578274042316cba55cc3e3882421ea"},
    {file = "PyMuPDFb-1.24.10-py3-none-musllinux_1_2_x86_64.whl", hash = "sha256:aca96b6e9ee3096a26810592f4d899f4d3cf3cf0c902ae7e8cca09bce4d946c4"},
    {file = "PyMuPDFb-1.24.10-py3-none-win32.whl", hash = "sha256:2d231b42fe3bf79837df235e7fbdf7ff8b46bf4ca1346d0f0124fb1cdd343ce8"},
    {file = "PyMuPDFb-1.24.10-py3-none-win_amd64.whl", hash = "sha256:27ea65c701608b6b7632703339ca33ea6d513843b26dbe9bdefb2f56f7b9b196"},
    {file = "PyMuPDFb-1.24.10.tar.gz", hash = "sha256:007b91fa9b528c5c0eecea2e49c486ac02e878274f9e31522bdd948adc5f8327"},
]

[metadata]
lock-version = "2.0"
python-versions = "3.11.9"
content-hash = "ed3bde195d10a486366aa24632255801b477c460e5010c1d9b3881d02f4883bb"
